
Microsoft Visual Studio Solution File, Format Version 12.00
# Visual Studio 15
VisualStudioVersion = 15.0.26430.4
MinimumVisualStudioVersion = 10.0.40219.1
Project("{FAE04EC0-301F-11D3-BF4B-00C04F79EFBC}") = "CollectionPractice", "CollectionPractice\CollectionPractice.csproj", "{4C6E1CF0-B5AF-4F73-97C2-D7780D9D1CDC}"
EndProject
Project("{FAE04EC0-301F-11D3-BF4B-00C04F79EFBC}") = "CollectionTwo", "CollectionTwo\CollectionTwo.csproj", "{50FDD4BF-5CB5-4ADE-B774-80B20DDC0A1D}"
EndProject
Project("{FAE04EC0-301F-11D3-BF4B-00C04F79EFBC}") = "AppSetting", "AppSetting\AppSetting.csproj", "{3A0DCF31-8EB9-4BE3-A7DD-FFF523D89B30}"
EndProject
Project("{FAE04EC0-301F-11D3-BF4B-00C04F79EFBC}") = "FileWatch", "FileWatch\FileWatch.csproj", "{3948560F-7FB8-485F-BC3E-4DE7465C5477}"
EndProject
Project("{FAE04EC0-301F-11D3-BF4B-00C04F79EFBC}") = "IndexerAndExtension", "IndexerAndExtension\IndexerAndExtension.csproj", "{4B68FC39-537D-4AA8-943D-B07A681DF06C}"
EndProject
Project("{FAE04EC0-301F-11D3-BF4B-00C04F79EFBC}") = "LinqExercise", "LinqExercise\LinqExercise.csproj", "{410AB069-D2C9-4A2A-B4DE-E082F7F56169}"
EndProject
Global
	GlobalSection(SolutionConfigurationPlatforms) = preSolution
		Debug|Any CPU = Debug|Any CPU
		Release|Any CPU = Release|Any CPU
	EndGlobalSection
	GlobalSection(ProjectConfigurationPlatforms) = postSolution
		{4C6E1CF0-B5AF-4F73-97C2-D7780D9D1CDC}.Debug|Any CPU.ActiveCfg = Debug|Any CPU
		{4C6E1CF0-B5AF-4F73-97C2-D7780D9D1CDC}.Debug|Any CPU.Build.0 = Debug|Any CPU
		{4C6E1CF0-B5AF-4F73-97C2-D7780D9D1CDC}.Release|Any CPU.ActiveCfg = Release|Any CPU
		{4C6E1CF0-B5AF-4F73-97C2-D7780D9D1CDC}.Release|Any CPU.Build.0 = Release|Any CPU
		{50FDD4BF-5CB5-4ADE-B774-80B20DDC0A1D}.Debug|Any CPU.ActiveCfg = Debug|Any CPU
		{50FDD4BF-5CB5-4ADE-B774-80B20DDC0A1D}.Debug|Any CPU.Build.0 = Debug|Any CPU
		{50FDD4BF-5CB5-4ADE-B774-80B20DDC0A1D}.Release|Any CPU.ActiveCfg = Release|Any CPU
		{50FDD4BF-5CB5-4ADE-B774-80B20DDC0A1D}.Release|Any CPU.Build.0 = Release|Any CPU
		{3A0DCF31-8EB9-4BE3-A7DD-FFF523D89B30}.Debug|Any CPU.ActiveCfg = Debug|Any CPU
		{3A0DCF31-8EB9-4BE3-A7DD-FFF523D89B30}.Debug|Any CPU.Build.0 = Debug|Any CPU
		{3A0DCF31-8EB9-4BE3-A7DD-FFF523D89B30}.Release|Any CPU.ActiveCfg = Release|Any CPU
		{3A0DCF31-8EB9-4BE3-A7DD-FFF523D89B30}.Release|Any CPU.Build.0 = Release|Any CPU
		{3948560F-7FB8-485F-BC3E-4DE7465C5477}.Debug|Any CPU.ActiveCfg = Debug|Any CPU
		{3948560F-7FB8-485F-BC3E-4DE7465C5477}.Debug|Any CPU.Build.0 = Debug|Any CPU
		{3948560F-7FB8-485F-BC3E-4DE7465C5477}.Release|Any CPU.ActiveCfg = Release|Any CPU
		{3948560F-7FB8-485F-BC3E-4DE7465C5477}.Release|Any CPU.Build.0 = Release|Any CPU
		{4B68FC39-537D-4AA8-943D-B07A681DF06C}.Debug|Any CPU.ActiveCfg = Debug|Any CPU
		{4B68FC39-537D-4AA8-943D-B07A681DF06C}.Debug|Any CPU.Build.0 = Debug|Any CPU
		{4B68FC39-537D-4AA8-943D-B07A681DF06C}.Release|Any CPU.ActiveCfg = Release|Any CPU
		{4B68FC39-537D-4AA8-943D-B07A681DF06C}.Release|Any CPU.Build.0 = Release|Any CPU
		{410AB069-D2C9-4A2A-B4DE-E082F7F56169}.Debug|Any CPU.ActiveCfg = Debug|Any CPU
		{410AB069-D2C9-4A2A-B4DE-E082F7F56169}.Debug|Any CPU.Build.0 = Debug|Any CPU
		{410AB069-D2C9-4A2A-B4DE-E082F7F56169}.Release|Any CPU.ActiveCfg = Release|Any CPU
		{410AB069-D2C9-4A2A-B4DE-E082F7F56169}.Release|Any CPU.Build.0 = Release|Any CPU
	EndGlobalSection
	GlobalSection(SolutionProperties) = preSolution
		HideSolutionNode = FALSE
	EndGlobalSection
EndGlobal
